
Microsoft Visual Studio Solution File, Format Version 12.00
# Visual Studio Version 17
VisualStudioVersion = 17.11.35327.3
MinimumVisualStudioVersion = 10.0.40219.1
Project("{FAE04EC0-301F-11D3-BF4B-00C04F79EFBC}") = "Yuran.Domain", "Yuran.Domain\Yuran.Domain.csproj", "{269D6D3F-1E58-4777-9112-F64E9AB38FBF}"
EndProject
Project("{FAE04EC0-301F-11D3-BF4B-00C04F79EFBC}") = "Yuran.Insfrastructure", "Yuran.Insfrastructure\Yuran.Insfrastructure.csproj", "{467E20EB-9FFE-4EA9-85D0-3B7859375B4C}"
EndProject
Project("{FAE04EC0-301F-11D3-BF4B-00C04F79EFBC}") = "Yuran.ConsolaAPP", "Yuran.ConsolaAPP\Yuran.ConsolaAPP.csproj", "{D2A4D09D-D2DE-4186-9E5D-8A2694AB9F85}"
EndProject
Global
	GlobalSection(SolutionConfigurationPlatforms) = preSolution
		Debug|Any CPU = Debug|Any CPU
		Release|Any CPU = Release|Any CPU
	EndGlobalSection
	GlobalSection(ProjectConfigurationPlatforms) = postSolution
		{269D6D3F-1E58-4777-9112-F64E9AB38FBF}.Debug|Any CPU.ActiveCfg = Debug|Any CPU
		{269D6D3F-1E58-4777-9112-F64E9AB38FBF}.Debug|Any CPU.Build.0 = Debug|Any CPU
		{269D6D3F-1E58-4777-9112-F64E9AB38FBF}.Release|Any CPU.ActiveCfg = Release|Any CPU
		{269D6D3F-1E58-4777-9112-F64E9AB38FBF}.Release|Any CPU.Build.0 = Release|Any CPU
		{467E20EB-9FFE-4EA9-85D0-3B7859375B4C}.Debug|Any CPU.ActiveCfg = Debug|Any CPU
		{467E20EB-9FFE-4EA9-85D0-3B7859375B4C}.Debug|Any CPU.Build.0 = Debug|Any CPU
		{467E20EB-9FFE-4EA9-85D0-3B7859375B4C}.Release|Any CPU.ActiveCfg = Release|Any CPU
		{467E20EB-9FFE-4EA9-85D0-3B7859375B4C}.Release|Any CPU.Build.0 = Release|Any CPU
		{D2A4D09D-D2DE-4186-9E5D-8A2694AB9F85}.Debug|Any CPU.ActiveCfg = Debug|Any CPU
		{D2A4D09D-D2DE-4186-9E5D-8A2694AB9F85}.Debug|Any CPU.Build.0 = Debug|Any CPU
		{D2A4D09D-D2DE-4186-9E5D-8A2694AB9F85}.Release|Any CPU.ActiveCfg = Release|Any CPU
		{D2A4D09D-D2DE-4186-9E5D-8A2694AB9F85}.Release|Any CPU.Build.0 = Release|Any CPU
	EndGlobalSection
	GlobalSection(SolutionProperties) = preSolution
		HideSolutionNode = FALSE
	EndGlobalSection
	GlobalSection(ExtensibilityGlobals) = postSolution
		SolutionGuid = {D7317CA3-CCE9-4868-B226-F6703B7A6A40}
	EndGlobalSection
EndGlobal
